
Microsoft Visual Studio Solution File, Format Version 12.00
# Visual Studio Version 16
VisualStudioVersion = 16.0.30204.135
MinimumVisualStudioVersion = 10.0.40219.1
Project("{FAE04EC0-301F-11D3-BF4B-00C04F79EFBC}") = "A3DStockAnalysis", "A3DStockAnalysis\A3DStockAnalysis.csproj", "{5E56E364-0D85-426C-8926-33DD0D58A663}"
EndProject
Global
	GlobalSection(SolutionConfigurationPlatforms) = preSolution
		Debug|x86 = Debug|x86
		Release|x86 = Release|x86
	EndGlobalSection
	GlobalSection(ProjectConfigurationPlatforms) = postSolution
		{5E56E364-0D85-426C-8926-33DD0D58A663}.Debug|x86.ActiveCfg = Debug|x86
		{5E56E364-0D85-426C-8926-33DD0D58A663}.Debug|x86.Build.0 = Debug|x86
		{5E56E364-0D85-426C-8926-33DD0D58A663}.Release|x86.ActiveCfg = Release|x86
		{5E56E364-0D85-426C-8926-33DD0D58A663}.Release|x86.Build.0 = Release|x86
	EndGlobalSection
	GlobalSection(SolutionProperties) = preSolution
		HideSolutionNode = FALSE
	EndGlobalSection
	GlobalSection(ExtensibilityGlobals) = postSolution
		SolutionGuid = {4751D803-3E84-4C12-8594-20A8E5EC9C91}
	EndGlobalSection
EndGlobal
